
Microsoft Visual Studio Solution File, Format Version 12.00
# Visual Studio 15
VisualStudioVersion = 15.0.28010.2048
MinimumVisualStudioVersion = 10.0.40219.1
Project("{FAE04EC0-301F-11D3-BF4B-00C04F79EFBC}") = "Labb1.DataAccess", "Labb1_Wpf.DataAccess\Labb1.DataAccess.csproj", "{32B924AE-E518-4B4E-B37C-4E85C605A794}"
EndProject
Project("{FAE04EC0-301F-11D3-BF4B-00C04F79EFBC}") = "Labb1.UI", "Labb1.UI\Labb1.UI.csproj", "{43051E43-1B0B-4E00-BC3B-5FC47F1DBDC7}"
EndProject
Project("{FAE04EC0-301F-11D3-BF4B-00C04F79EFBC}") = "Labb1.Model", "Labb1.Model\Labb1.Model.csproj", "{465EEE1C-435E-4D10-8F5A-B7CB1A20CB31}"
EndProject
Global
	GlobalSection(SolutionConfigurationPlatforms) = preSolution
		Debug|Any CPU = Debug|Any CPU
		Release|Any CPU = Release|Any CPU
	EndGlobalSection
	GlobalSection(ProjectConfigurationPlatforms) = postSolution
		{32B924AE-E518-4B4E-B37C-4E85C605A794}.Debug|Any CPU.ActiveCfg = Debug|Any CPU
		{32B924AE-E518-4B4E-B37C-4E85C605A794}.Debug|Any CPU.Build.0 = Debug|Any CPU
		{32B924AE-E518-4B4E-B37C-4E85C605A794}.Release|Any CPU.ActiveCfg = Release|Any CPU
		{32B924AE-E518-4B4E-B37C-4E85C605A794}.Release|Any CPU.Build.0 = Release|Any CPU
		{43051E43-1B0B-4E00-BC3B-5FC47F1DBDC7}.Debug|Any CPU.ActiveCfg = Debug|Any CPU
		{43051E43-1B0B-4E00-BC3B-5FC47F1DBDC7}.Debug|Any CPU.Build.0 = Debug|Any CPU
		{43051E43-1B0B-4E00-BC3B-5FC47F1DBDC7}.Release|Any CPU.ActiveCfg = Release|Any CPU
		{43051E43-1B0B-4E00-BC3B-5FC47F1DBDC7}.Release|Any CPU.Build.0 = Release|Any CPU
		{465EEE1C-435E-4D10-8F5A-B7CB1A20CB31}.Debug|Any CPU.ActiveCfg = Debug|Any CPU
		{465EEE1C-435E-4D10-8F5A-B7CB1A20CB31}.Debug|Any CPU.Build.0 = Debug|Any CPU
		{465EEE1C-435E-4D10-8F5A-B7CB1A20CB31}.Release|Any CPU.ActiveCfg = Release|Any CPU
		{465EEE1C-435E-4D10-8F5A-B7CB1A20CB31}.Release|Any CPU.Build.0 = Release|Any CPU
	EndGlobalSection
	GlobalSection(SolutionProperties) = preSolution
		HideSolutionNode = FALSE
	EndGlobalSection
	GlobalSection(ExtensibilityGlobals) = postSolution
		SolutionGuid = {7CD1A86E-A64F-4267-BF28-47F11BE4A643}
	EndGlobalSection
EndGlobal
